// !$*UTF8*$!
{
	archiveVersion = 1;
	classes = {
	};
	objectVersion = 50;
	objects = {

/* Begin PBXBuildFile section */
		18A569C422BC0E9600B964E0 /* AppDelegate.swift in Sources */ = {isa = PBXBuildFile; fileRef = 18A569C322BC0E9600B964E0 /* AppDelegate.swift */; };
		18A569C622BC0E9600B964E0 /* ViewController.swift in Sources */ = {isa = PBXBuildFile; fileRef = 18A569C522BC0E9600B964E0 /* ViewController.swift */; };
		18A569C922BC0E9600B964E0 /* Main.storyboard in Resources */ = {isa = PBXBuildFile; fileRef = 18A569C722BC0E9600B964E0 /* Main.storyboard */; };
		18A569CB22BC0E9700B964E0 /* Assets.xcassets in Resources */ = {isa = PBXBuildFile; fileRef = 18A569CA22BC0E9700B964E0 /* Assets.xcassets */; };
		18A569CE22BC0E9700B964E0 /* LaunchScreen.storyboard in Resources */ = {isa = PBXBuildFile; fileRef = 18A569CC22BC0E9700B964E0 /* LaunchScreen.storyboard */; };
		18A569D922BC0E9700B964E0 /* emojinalTests.swift in Sources */ = {isa = PBXBuildFile; fileRef = 18A569D822BC0E9700B964E0 /* emojinalTests.swift */; };
		18A569E422BC0E9700B964E0 /* emojinalUITests.swift in Sources */ = {isa = PBXBuildFile; fileRef = 18A569E322BC0E9700B964E0 /* emojinalUITests.swift */; };
/* End PBXBuildFile section */

/* Begin PBXContainerItemProxy section */
		18A569D522BC0E9700B964E0 /* PBXContainerItemProxy */ = {
			isa = PBXContainerItemProxy;
			containerPortal = 18A569B822BC0E9600B964E0 /* Project object */;
			proxyType = 1;
			remoteGlobalIDString = 18A569BF22BC0E9600B964E0;
			remoteInfo = emojinal;
		};
		18A569E022BC0E9700B964E0 /* PBXContainerItemProxy */ = {
			isa = PBXContainerItemProxy;
			containerPortal = 18A569B822BC0E9600B964E0 /* Project object */;
			proxyType = 1;
			remoteGlobalIDString = 18A569BF22BC0E9600B964E0;
			remoteInfo = emojinal;
		};
/* End PBXContainerItemProxy section */

/* Begin PBXFileReference section */
		18A569C022BC0E9600B964E0 /* emojinal.app */ = {isa = PBXFileReference; explicitFileType = wrapper.application; includeInIndex = 0; path = emojinal.app; sourceTree = BUILT_PRODUCTS_DIR; };
		18A569C322BC0E9600B964E0 /* AppDelegate.swift */ = {isa = PBXFileReference; lastKnownFileType = sourcecode.swift; path = AppDelegate.swift; sourceTree = "<group>"; };
		18A569C522BC0E9600B964E0 /* ViewController.swift */ = {isa = PBXFileReference; lastKnownFileType = sourcecode.swift; path = ViewController.swift; sourceTree = "<group>"; };
		18A569C822BC0E9600B964E0 /* Base */ = {isa = PBXFileReference; lastKnownFileType = file.storyboard; name = Base; path = Base.lproj/Main.storyboard; sourceTree = "<group>"; };
		18A569CA22BC0E9700B964E0 /* Assets.xcassets */ = {isa = PBXFileReference; lastKnownFileType = folder.assetcatalog; path = Assets.xcassets; sourceTree = "<group>"; };
		18A569CD22BC0E9700B964E0 /* Base */ = {isa = PBXFileReference; lastKnownFileType = file.storyboard; name = Base; path = Base.lproj/LaunchScreen.storyboard; sourceTree = "<group>"; };
		18A569CF22BC0E9700B964E0 /* Info.plist */ = {isa = PBXFileReference; lastKnownFileType = text.plist.xml; path = Info.plist; sourceTree = "<group>"; };
		18A569D422BC0E9700B964E0 /* emojinalTests.xctest */ = {isa = PBXFileReference; explicitFileType = wrapper.cfbundle; includeInIndex = 0; path = emojinalTests.xctest; sourceTree = BUILT_PRODUCTS_DIR; };
		18A569D822BC0E9700B964E0 /* emojinalTests.swift */ = {isa = PBXFileReference; lastKnownFileType = sourcecode.swift; path = emojinalTests.swift; sourceTree = "<group>"; };
		18A569DA22BC0E9700B964E0 /* Info.plist */ = {isa = PBXFileReference; lastKnownFileType = text.plist.xml; path = Info.plist; sourceTree = "<group>"; };
		18A569DF22BC0E9700B964E0 /* emojinalUITests.xctest */ = {isa = PBXFileReference; explicitFileType = wrapper.cfbundle; includeInIndex = 0; path = emojinalUITests.xctest; sourceTree = BUILT_PRODUCTS_DIR; };
		18A569E322BC0E9700B964E0 /* emojinalUITests.swift */ = {isa = PBXFileReference; lastKnownFileType = sourcecode.swift; path = emojinalUITests.swift; sourceTree = "<group>"; };
		18A569E522BC0E9700B964E0 /* Info.plist */ = {isa = PBXFileReference; lastKnownFileType = text.plist.xml; path = Info.plist; sourceTree = "<group>"; };
/* End PBXFileReference section */

/* Begin PBXFrameworksBuildPhase section */
		18A569BD22BC0E9600B964E0 /* Frameworks */ = {
			isa = PBXFrameworksBuildPhase;
			buildActionMask = 2147483647;
			files = (
			);
			runOnlyForDeploymentPostprocessing = 0;
		};
		18A569D122BC0E9700B964E0 /* Frameworks */ = {
			isa = PBXFrameworksBuildPhase;
			buildActionMask = 2147483647;
			files = (
			);
			runOnlyForDeploymentPostprocessing = 0;
		};
		18A569DC22BC0E9700B964E0 /* Frameworks */ = {
			isa = PBXFrameworksBuildPhase;
			buildActionMask = 2147483647;
			files = (
			);
			runOnlyForDeploymentPostprocessing = 0;
		};
/* End PBXFrameworksBuildPhase section */

/* Begin PBXGroup section */
		18A569B722BC0E9600B964E0 = {
			isa = PBXGroup;
			children = (
				18A569C222BC0E9600B964E0 /* emojinal */,
				18A569D722BC0E9700B964E0 /* emojinalTests */,
				18A569E222BC0E9700B964E0 /* emojinalUITests */,
				18A569C122BC0E9600B964E0 /* Products */,
			);
			sourceTree = "<group>";
		};
		18A569C122BC0E9600B964E0 /* Products */ = {
			isa = PBXGroup;
			children = (
				18A569C022BC0E9600B964E0 /* emojinal.app */,
				18A569D422BC0E9700B964E0 /* emojinalTests.xctest */,
				18A569DF22BC0E9700B964E0 /* emojinalUITests.xctest */,
			);
			name = Products;
			sourceTree = "<group>";
		};
		18A569C222BC0E9600B964E0 /* emojinal */ = {
			isa = PBXGroup;
			children = (
				18A569C322BC0E9600B964E0 /* AppDelegate.swift */,
				18A569C522BC0E9600B964E0 /* ViewController.swift */,
				18A569C722BC0E9600B964E0 /* Main.storyboard */,
				18A569CA22BC0E9700B964E0 /* Assets.xcassets */,
				18A569CC22BC0E9700B964E0 /* LaunchScreen.storyboard */,
				18A569CF22BC0E9700B964E0 /* Info.plist */,
			);
			path = emojinal;
			sourceTree = "<group>";
		};
		18A569D722BC0E9700B964E0 /* emojinalTests */ = {
			isa = PBXGroup;
			children = (
				18A569D822BC0E9700B964E0 /* emojinalTests.swift */,
				18A569DA22BC0E9700B964E0 /* Info.plist */,
			);
			path = emojinalTests;
			sourceTree = "<group>";
		};
		18A569E222BC0E9700B964E0 /* emojinalUITests */ = {
			isa = PBXGroup;
			children = (
				18A569E322BC0E9700B964E0 /* emojinalUITests.swift */,
				18A569E522BC0E9700B964E0 /* Info.plist */,
			);
			path = emojinalUITests;
			sourceTree = "<group>";
		};
/* End PBXGroup section */

/* Begin PBXNativeTarget section */
		18A569BF22BC0E9600B964E0 /* emojinal */ = {
			isa = PBXNativeTarget;
			buildConfigurationList = 18A569E822BC0E9700B964E0 /* Build configuration list for PBXNativeTarget "emojinal" */;
			buildPhases = (
				18A569BC22BC0E9600B964E0 /* Sources */,
				18A569BD22BC0E9600B964E0 /* Frameworks */,
				18A569BE22BC0E9600B964E0 /* Resources */,
			);
			buildRules = (
			);
			dependencies = (
			);
			name = emojinal;
			productName = emojinal;
			productReference = 18A569C022BC0E9600B964E0 /* emojinal.app */;
			productType = "com.apple.product-type.application";
		};
		18A569D322BC0E9700B964E0 /* emojinalTests */ = {
			isa = PBXNativeTarget;
			buildConfigurationList = 18A569EB22BC0E9700B964E0 /* Build configuration list for PBXNativeTarget "emojinalTests" */;
			buildPhases = (
				18A569D022BC0E9700B964E0 /* Sources */,
				18A569D122BC0E9700B964E0 /* Frameworks */,
				18A569D222BC0E9700B964E0 /* Resources */,
			);
			buildRules = (
			);
			dependencies = (
				18A569D622BC0E9700B964E0 /* PBXTargetDependency */,
			);
			name = emojinalTests;
			productName = emojinalTests;
			productReference = 18A569D422BC0E9700B964E0 /* emojinalTests.xctest */;
			productType = "com.apple.product-type.bundle.unit-test";
		};
		18A569DE22BC0E9700B964E0 /* emojinalUITests */ = {
			isa = PBXNativeTarget;
			buildConfigurationList = 18A569EE22BC0E9700B964E0 /* Build configuration list for PBXNativeTarget "emojinalUITests" */;
			buildPhases = (
				18A569DB22BC0E9700B964E0 /* Sources */,
				18A569DC22BC0E9700B964E0 /* Frameworks */,
				18A569DD22BC0E9700B964E0 /* Resources */,
			);
			buildRules = (
			);
			dependencies = (
				18A569E122BC0E9700B964E0 /* PBXTargetDependency */,
			);
			name = emojinalUITests;
			productName = emojinalUITests;
			productReference = 18A569DF22BC0E9700B964E0 /* emojinalUITests.xctest */;
			productType = "com.apple.product-type.bundle.ui-testing";
		};
/* End PBXNativeTarget section */

/* Begin PBXProject section */
		18A569B822BC0E9600B964E0 /* Project object */ = {
			isa = PBXProject;
			attributes = {
				LastSwiftUpdateCheck = 1020;
				LastUpgradeCheck = 1020;
				ORGANIZATIONNAME = Apple;
				TargetAttributes = {
					18A569BF22BC0E9600B964E0 = {
						CreatedOnToolsVersion = 10.2.1;
					};
					18A569D322BC0E9700B964E0 = {
						CreatedOnToolsVersion = 10.2.1;
						TestTargetID = 18A569BF22BC0E9600B964E0;
					};
					18A569DE22BC0E9700B964E0 = {
						CreatedOnToolsVersion = 10.2.1;
						TestTargetID = 18A569BF22BC0E9600B964E0;
					};
				};
			};
			buildConfigurationList = 18A569BB22BC0E9600B964E0 /* Build configuration list for PBXProject "emojinal" */;
			compatibilityVersion = "Xcode 9.3";
			developmentRegion = en;
			hasScannedForEncodings = 0;
			knownRegions = (
				en,
				Base,
			);
			mainGroup = 18A569B722BC0E9600B964E0;
			productRefGroup = 18A569C122BC0E9600B964E0 /* Products */;
			projectDirPath = "";
			projectRoot = "";
			targets = (
				18A569BF22BC0E9600B964E0 /* emojinal */,
				18A569D322BC0E9700B964E0 /* emojinalTests */,
				18A569DE22BC0E9700B964E0 /* emojinalUITests */,
			);
		};
/* End PBXProject section */

/* Begin PBXResourcesBuildPhase section */
		18A569BE22BC0E9600B964E0 /* Resources */ = {
			isa = PBXResourcesBuildPhase;
			buildActionMask = 2147483647;
			files = (
				18A569CE22BC0E9700B964E0 /* LaunchScreen.storyboard in Resources */,
				18A569CB22BC0E9700B964E0 /* Assets.xcassets in Resources */,
				18A569C922BC0E9600B964E0 /* Main.storyboard in Resources */,
			);
			runOnlyForDeploymentPostprocessing = 0;
		};
		18A569D222BC0E9700B964E0 /* Resources */ = {
			isa = PBXResourcesBuildPhase;
			buildActionMask = 2147483647;
			files = (
			);
			runOnlyForDeploymentPostprocessing = 0;
		};
		18A569DD22BC0E9700B964E0 /* Resources */ = {
			isa = PBXResourcesBuildPhase;
			buildActionMask = 2147483647;
			files = (
			);
			runOnlyForDeploymentPostprocessing = 0;
		};
/* End PBXResourcesBuildPhase section */

/* Begin PBXSourcesBuildPhase section */
		18A569BC22BC0E9600B964E0 /* Sources */ = {
			isa = PBXSourcesBuildPhase;
			buildActionMask = 2147483647;
			files = (
				18A569C622BC0E9600B964E0 /* ViewController.swift in Sources */,
				18A569C422BC0E9600B964E0 /* AppDelegate.swift in Sources */,
			);
			runOnlyForDeploymentPostprocessing = 0;
		};
		18A569D022BC0E9700B964E0 /* Sources */ = {
			isa = PBXSourcesBuildPhase;
			buildActionMask = 2147483647;
			files = (
				18A569D922BC0E9700B964E0 /* emojinalTests.swift in Sources */,
			);
			runOnlyForDeploymentPostprocessing = 0;
		};
		18A569DB22BC0E9700B964E0 /* Sources */ = {
			isa = PBXSourcesBuildPhase;
			buildActionMask = 2147483647;
			files = (
				18A569E422BC0E9700B964E0 /* emojinalUITests.swift in Sources */,
			);
			runOnlyForDeploymentPostprocessing = 0;
		};
/* End PBXSourcesBuildPhase section */

/* Begin PBXTargetDependency section */
		18A569D622BC0E9700B964E0 /* PBXTargetDependency */ = {
			isa = PBXTargetDependency;
			target = 18A569BF22BC0E9600B964E0 /* emojinal */;
			targetProxy = 18A569D522BC0E9700B964E0 /* PBXContainerItemProxy */;
		};
		18A569E122BC0E9700B964E0 /* PBXTargetDependency */ = {
			isa = PBXTargetDependency;
			target = 18A569BF22BC0E9600B964E0 /* emojinal */;
			targetProxy = 18A569E022BC0E9700B964E0 /* PBXContainerItemProxy */;
		};
/* End PBXTargetDependency section */

/* Begin PBXVariantGroup section */
		18A569C722BC0E9600B964E0 /* Main.storyboard */ = {
			isa = PBXVariantGroup;
			children = (
				18A569C822BC0E9600B964E0 /* Base */,
			);
			name = Main.storyboard;
			sourceTree = "<group>";
		};
		18A569CC22BC0E9700B964E0 /* LaunchScreen.storyboard */ = {
			isa = PBXVariantGroup;
			children = (
				18A569CD22BC0E9700B964E0 /* Base */,
			);
			name = LaunchScreen.storyboard;
			sourceTree = "<group>";
		};
/* End PBXVariantGroup section */

/* Begin XCBuildConfiguration section */
		18A569E622BC0E9700B964E0 /* Debug */ = {
			isa = XCBuildConfiguration;
			buildSettings = {
				ALWAYS_SEARCH_USER_PATHS = NO;
				CLANG_ANALYZER_NONNULL = YES;
				CLANG_ANALYZER_NUMBER_OBJECT_CONVERSION = YES_AGGRESSIVE;
				CLANG_CXX_LANGUAGE_STANDARD = "gnu++14";
				CLANG_CXX_LIBRARY = "libc++";
				CLANG_ENABLE_MODULES = YES;
				CLANG_ENABLE_OBJC_ARC = YES;
				CLANG_ENABLE_OBJC_WEAK = YES;
				CLANG_WARN_BLOCK_CAPTURE_AUTORELEASING = YES;
				CLANG_WARN_BOOL_CONVERSION = YES;
				CLANG_WARN_COMMA = YES;
				CLANG_WARN_CONSTANT_CONVERSION = YES;
				CLANG_WARN_DEPRECATED_OBJC_IMPLEMENTATIONS = YES;
				CLANG_WARN_DIRECT_OBJC_ISA_USAGE = YES_ERROR;
				CLANG_WARN_DOCUMENTATION_COMMENTS = YES;
				CLANG_WARN_EMPTY_BODY = YES;
				CLANG_WARN_ENUM_CONVERSION = YES;
				CLANG_WARN_INFINITE_RECURSION = YES;
				CLANG_WARN_INT_CONVERSION = YES;
				CLANG_WARN_NON_LITERAL_NULL_CONVERSION = YES;
				CLANG_WARN_OBJC_IMPLICIT_RETAIN_SELF = YES;
				CLANG_WARN_OBJC_LITERAL_CONVERSION = YES;
				CLANG_WARN_OBJC_ROOT_CLASS = YES_ERROR;
				CLANG_WARN_RANGE_LOOP_ANALYSIS = YES;
				CLANG_WARN_STRICT_PROTOTYPES = YES;
				CLANG_WARN_SUSPICIOUS_MOVE = YES;
				CLANG_WARN_UNGUARDED_AVAILABILITY = YES_AGGRESSIVE;
				CLANG_WARN_UNREACHABLE_CODE = YES;
				CLANG_WARN__DUPLICATE_METHOD_MATCH = YES;
				CODE_SIGN_IDENTITY = "iPhone Developer";
				COPY_PHASE_STRIP = NO;
				DEBUG_INFORMATION_FORMAT = dwarf;
				ENABLE_STRICT_OBJC_MSGSEND = YES;
				ENABLE_TESTABILITY = YES;
				GCC_C_LANGUAGE_STANDARD = gnu11;
				GCC_DYNAMIC_NO_PIC = NO;
				GCC_NO_COMMON_BLOCKS = YES;
				GCC_OPTIMIZATION_LEVEL = 0;
				GCC_PREPROCESSOR_DEFINITIONS = (
					"DEBUG=1",
					"$(inherited)",
				);
				GCC_WARN_64_TO_32_BIT_CONVERSION = YES;
				GCC_WARN_ABOUT_RETURN_TYPE = YES_ERROR;
				GCC_WARN_UNDECLARED_SELECTOR = YES;
				GCC_WARN_UNINITIALIZED_AUTOS = YES_AGGRESSIVE;
				GCC_WARN_UNUSED_FUNCTION = YES;
				GCC_WARN_UNUSED_VARIABLE = YES;
				IPHONEOS_DEPLOYMENT_TARGET = 12.2;
				MTL_ENABLE_DEBUG_INFO = INCLUDE_SOURCE;
				MTL_FAST_MATH = YES;
				ONLY_ACTIVE_ARCH = YES;
				SDKROOT = iphoneos;
				SWIFT_ACTIVE_COMPILATION_CONDITIONS = DEBUG;
				SWIFT_OPTIMIZATION_LEVEL = "-Onone";
			};
			name = Debug;
		};
		18A569E722BC0E9700B964E0 /* Release */ = {
			isa = XCBuildConfiguration;
			buildSettings = {
				ALWAYS_SEARCH_USER_PATHS = NO;
				CLANG_ANALYZER_NONNULL = YES;
				CLANG_ANALYZER_NUMBER_OBJECT_CONVERSION = YES_AGGRESSIVE;
				CLANG_CXX_LANGUAGE_STANDARD = "gnu++14";
				CLANG_CXX_LIBRARY = "libc++";
				CLANG_ENABLE_MODULES = YES;
				CLANG_ENABLE_OBJC_ARC = YES;
				CLANG_ENABLE_OBJC_WEAK = YES;
				CLANG_WARN_BLOCK_CAPTURE_AUTORELEASING = YES;
				CLANG_WARN_BOOL_CONVERSION = YES;
				CLANG_WARN_COMMA = YES;
				CLANG_WARN_CONSTANT_CONVERSION = YES;
				CLANG_WARN_DEPRECATED_OBJC_IMPLEMENTATIONS = YES;
				CLANG_WARN_DIRECT_OBJC_ISA_USAGE = YES_ERROR;
				CLANG_WARN_DOCUMENTATION_COMMENTS = YES;
				CLANG_WARN_EMPTY_BODY = YES;
				CLANG_WARN_ENUM_CONVERSION = YES;
				CLANG_WARN_INFINITE_RECURSION = YES;
				CLANG_WARN_INT_CONVERSION = YES;
				CLANG_WARN_NON_LITERAL_NULL_CONVERSION = YES;
				CLANG_WARN_OBJC_IMPLICIT_RETAIN_SELF = YES;
				CLANG_WARN_OBJC_LITERAL_CONVERSION = YES;
				CLANG_WARN_OBJC_ROOT_CLASS = YES_ERROR;
				CLANG_WARN_RANGE_LOOP_ANALYSIS = YES;
				CLANG_WARN_STRICT_PROTOTYPES = YES;
				CLANG_WARN_SUSPICIOUS_MOVE = YES;
				CLANG_WARN_UNGUARDED_AVAILABILITY = YES_AGGRESSIVE;
				CLANG_WARN_UNREACHABLE_CODE = YES;
				CLANG_WARN__DUPLICATE_METHOD_MATCH = YES;
				CODE_SIGN_IDENTITY = "iPhone Developer";
				COPY_PHASE_STRIP = NO;
				DEBUG_INFORMATION_FORMAT = "dwarf-with-dsym";
				ENABLE_NS_ASSERTIONS = NO;
				ENABLE_STRICT_OBJC_MSGSEND = YES;
				GCC_C_LANGUAGE_STANDARD = gnu11;
				GCC_NO_COMMON_BLOCKS = YES;
				GCC_WARN_64_TO_32_BIT_CONVERSION = YES;
				GCC_WARN_ABOUT_RETURN_TYPE = YES_ERROR;
				GCC_WARN_UNDECLARED_SELECTOR = YES;
				GCC_WARN_UNINITIALIZED_AUTOS = YES_AGGRESSIVE;
				GCC_WARN_UNUSED_FUNCTION = YES;
				GCC_WARN_UNUSED_VARIABLE = YES;
				IPHONEOS_DEPLOYMENT_TARGET = 12.2;
				MTL_ENABLE_DEBUG_INFO = NO;
				MTL_FAST_MATH = YES;
				SDKROOT = iphoneos;
				SWIFT_COMPILATION_MODE = wholemodule;
				SWIFT_OPTIMIZATION_LEVEL = "-O";
				VALIDATE_PRODUCT = YES;
			};
			name = Release;
		};
		18A569E922BC0E9700B964E0 /* Debug */ = {
			isa = XCBuildConfiguration;
			buildSettings = {
				ASSETCATALOG_COMPILER_APPICON_NAME = AppIcon;
				CODE_SIGN_STYLE = Automatic;
				INFOPLIST_FILE = emojinal/Info.plist;
				LD_RUNPATH_SEARCH_PATHS = (
					"$(inherited)",
					"@executable_path/Frameworks",
				);
				PRODUCT_BUNDLE_IDENTIFIER = "Athena-Salomons.emojinal";
				PRODUCT_NAME = "$(TARGET_NAME)";
				SWIFT_VERSION = 5.0;
				TARGETED_DEVICE_FAMILY = "1,2";
			};
			name = Debug;
		};
		18A569EA22BC0E9700B964E0 /* Release */ = {
			isa = XCBuildConfiguration;
			buildSettings = {
				ASSETCATALOG_COMPILER_APPICON_NAME = AppIcon;
				CODE_SIGN_STYLE = Automatic;
				INFOPLIST_FILE = emojinal/Info.plist;
				LD_RUNPATH_SEARCH_PATHS = (
					"$(inherited)",
					"@executable_path/Frameworks",
				);
				PRODUCT_BUNDLE_IDENTIFIER = "Athena-Salomons.emojinal";
				PRODUCT_NAME = "$(TARGET_NAME)";
				SWIFT_VERSION = 5.0;
				TARGETED_DEVICE_FAMILY = "1,2";
			};
			name = Release;
		};
		18A569EC22BC0E9700B964E0 /* Debug */ = {
			isa = XCBuildConfiguration;
			buildSettings = {
				ALWAYS_EMBED_SWIFT_STANDARD_LIBRARIES = YES;
				BUNDLE_LOADER = "$(TEST_HOST)";
				CODE_SIGN_STYLE = Automatic;
				INFOPLIST_FILE = emojinalTests/Info.plist;
				LD_RUNPATH_SEARCH_PATHS = (
					"$(inherited)",
					"@executable_path/Frameworks",
					"@loader_path/Frameworks",
				);
				PRODUCT_BUNDLE_IDENTIFIER = "Athena-Salomons.emojinalTests";
				PRODUCT_NAME = "$(TARGET_NAME)";
				SWIFT_VERSION = 5.0;
				TARGETED_DEVICE_FAMILY = "1,2";
				TEST_HOST = "$(BUILT_PRODUCTS_DIR)/emojinal.app/emojinal";
			};
			name = Debug;
		};
		18A569ED22BC0E9700B964E0 /* Release */ = {
			isa = XCBuildConfiguration;
			buildSettings = {
				ALWAYS_EMBED_SWIFT_STANDARD_LIBRARIES = YES;
				BUNDLE_LOADER = "$(TEST_HOST)";
				CODE_SIGN_STYLE = Automatic;
				INFOPLIST_FILE = emojinalTests/Info.plist;
				LD_RUNPATH_SEARCH_PATHS = (
					"$(inherited)",
					"@executable_path/Frameworks",
					"@loader_path/Frameworks",
				);
				PRODUCT_BUNDLE_IDENTIFIER = "Athena-Salomons.emojinalTests";
				PRODUCT_NAME = "$(TARGET_NAME)";
				SWIFT_VERSION = 5.0;
				TARGETED_DEVICE_FAMILY = "1,2";
				TEST_HOST = "$(BUILT_PRODUCTS_DIR)/emojinal.app/emojinal";
			};
			name = Release;
		};
		18A569EF22BC0E9700B964E0 /* Debug */ = {
			isa = XCBuildConfiguration;
			buildSettings = {
				ALWAYS_EMBED_SWIFT_STANDARD_LIBRARIES = YES;
				CODE_SIGN_STYLE = Automatic;
				INFOPLIST_FILE = emojinalUITests/Info.plist;
				LD_RUNPATH_SEARCH_PATHS = (
					"$(inherited)",
					"@executable_path/Frameworks",
					"@loader_path/Frameworks",
				);
				PRODUCT_BUNDLE_IDENTIFIER = "Athena-Salomons.emojinalUITests";
				PRODUCT_NAME = "$(TARGET_NAME)";
				SWIFT_VERSION = 5.0;
				TARGETED_DEVICE_FAMILY = "1,2";
				TEST_TARGET_NAME = emojinal;
			};
			name = Debug;
		};
		18A569F022BC0E9700B964E0 /* Release */ = {
			isa = XCBuildConfiguration;
			buildSettings = {
				ALWAYS_EMBED_SWIFT_STANDARD_LIBRARIES = YES;
				CODE_SIGN_STYLE = Automatic;
				INFOPLIST_FILE = emojinalUITests/Info.plist;
				LD_RUNPATH_SEARCH_PATHS = (
					"$(inherited)",
					"@executable_path/Frameworks",
					"@loader_path/Frameworks",
				);
				PRODUCT_BUNDLE_IDENTIFIER = "Athena-Salomons.emojinalUITests";
				PRODUCT_NAME = "$(TARGET_NAME)";
				SWIFT_VERSION = 5.0;
				TARGETED_DEVICE_FAMILY = "1,2";
				TEST_TARGET_NAME = emojinal;
			};
			name = Release;
		};
/* End XCBuildConfiguration section */

/* Begin XCConfigurationList section */
		18A569BB22BC0E9600B964E0 /* Build configuration list for PBXProject "emojinal" */ = {
			isa = XCConfigurationList;
			buildConfigurations = (
				18A569E622BC0E9700B964E0 /* Debug */,
				18A569E722BC0E9700B964E0 /* Release */,
			);
			defaultConfigurationIsVisible = 0;
			defaultConfigurationName = Release;
		};
		18A569E822BC0E9700B964E0 /* Build configuration list for PBXNativeTarget "emojinal" */ = {
			isa = XCConfigurationList;
			buildConfigurations = (
				18A569E922BC0E9700B964E0 /* Debug */,
				18A569EA22BC0E9700B964E0 /* Release */,
			);
			defaultConfigurationIsVisible = 0;
			defaultConfigurationName = Release;
		};
		18A569EB22BC0E9700B964E0 /* Build configuration list for PBXNativeTarget "emojinalTests" */ = {
			isa = XCConfigurationList;
			buildConfigurations = (
				18A569EC22BC0E9700B964E0 /* Debug */,
				18A569ED22BC0E9700B964E0 /* Release */,
			);
			defaultConfigurationIsVisible = 0;
			defaultConfigurationName = Release;
		};
		18A569EE22BC0E9700B964E0 /* Build configuration list for PBXNativeTarget "emojinalUITests" */ = {
			isa = XCConfigurationList;
			buildConfigurations = (
				18A569EF22BC0E9700B964E0 /* Debug */,
				18A569F022BC0E9700B964E0 /* Release */,
			);
			defaultConfigurationIsVisible = 0;
			defaultConfigurationName = Release;
		};
/* End XCConfigurationList section */
	};
	rootObject = 18A569B822BC0E9600B964E0 /* Project object */;
}
